# THIS IS AN AUTOGENERATED FILE. DO NOT EDIT THIS FILE DIRECTLY.
# yarn lockfile v1


"@coreui/icons-vue@^2.2.0":
  version "2.2.0"
  resolved "https://registry.yarnpkg.com/@coreui/icons-vue/-/icons-vue-2.2.0.tgz#222e33667b1d26e46db79fa3a3c2b4f445c0601f"
  integrity sha512-FUQw/4/OprUkfSgtraJfdJqXIRj3Ey18nm5LQrfsJNMYTLjU+P5QzpljiSu9F3P/YPlX/sTWY/6ok71SmODtHw==

"@coreui/icons@^3.0.1":
  version "3.0.1"
  resolved "https://registry.yarnpkg.com/@coreui/icons/-/icons-3.0.1.tgz#a6b77a3d3578a59b08474fbfe29de0ebc5ea4c80"
  integrity sha512-u9UKEcRMyY9pa4jUoLij8pAR03g5g6TLWV33/Mx2ix8sffyi0eO4fLV8DSTQljDCw938zt7KYog5cVKEAJUxxg==
